
Microsoft Visual Studio Solution File, Format Version 11.00
# Visual Studio 2010
Project("{FAE04EC0-301F-11D3-BF4B-00C04F79EFBC}") = "designedPattern", "designedPattern\designedPattern.csproj", "{0EDA4681-DFFC-4108-948B-3C2D38D93307}"
EndProject
Project("{FAE04EC0-301F-11D3-BF4B-00C04F79EFBC}") = "CashRegister", "CashRegister\CashRegister.csproj", "{D3604D2D-0661-4AC5-A883-DAECD7D5375A}"
EndProject
Project("{FAE04EC0-301F-11D3-BF4B-00C04F79EFBC}") = "Decorate", "Decorate\Decorate.csproj", "{BD18D6CA-E3B6-4C31-B85F-4568902BBA2D}"
EndProject
Project("{FAE04EC0-301F-11D3-BF4B-00C04F79EFBC}") = "PursuitGirl", "PursuitGirl\PursuitGirl.csproj", "{F2C83260-AB60-4EAD-9364-C34393D36C23}"
EndProject
Project("{FAE04EC0-301F-11D3-BF4B-00C04F79EFBC}") = "Factory", "Factory\Factory.csproj", "{532B28A5-7E88-4B90-8025-F30B45B59608}"
EndProject
Project("{FAE04EC0-301F-11D3-BF4B-00C04F79EFBC}") = "Prototype", "Prototype\Prototype.csproj", "{9E728548-5224-46CC-981C-62B347C7F5BA}"
EndProject
Project("{FAE04EC0-301F-11D3-BF4B-00C04F79EFBC}") = "Template", "Template\Template.csproj", "{0D54CBAD-EF7A-4F05-AEEC-3E850B08AF77}"
EndProject
Project("{FAE04EC0-301F-11D3-BF4B-00C04F79EFBC}") = "Facade", "Facade\Facade.csproj", "{61953FE0-06C7-434E-9721-A455F19DDD07}"
EndProject
Project("{FAE04EC0-301F-11D3-BF4B-00C04F79EFBC}") = "Builder", "Builder\Builder.csproj", "{4CD49F81-54D7-4DA3-9DFB-C88B7E0D516D}"
EndProject
Project("{FAE04EC0-301F-11D3-BF4B-00C04F79EFBC}") = "ObserverPattern", "Observer\ObserverPattern.csproj", "{8C56D335-B9A7-469E-AE90-943F33C04E85}"
EndProject
Global
	GlobalSection(SolutionConfigurationPlatforms) = preSolution
		Debug|x86 = Debug|x86
		Release|x86 = Release|x86
	EndGlobalSection
	GlobalSection(ProjectConfigurationPlatforms) = postSolution
		{0EDA4681-DFFC-4108-948B-3C2D38D93307}.Debug|x86.ActiveCfg = Debug|x86
		{0EDA4681-DFFC-4108-948B-3C2D38D93307}.Debug|x86.Build.0 = Debug|x86
		{0EDA4681-DFFC-4108-948B-3C2D38D93307}.Release|x86.ActiveCfg = Release|x86
		{0EDA4681-DFFC-4108-948B-3C2D38D93307}.Release|x86.Build.0 = Release|x86
		{D3604D2D-0661-4AC5-A883-DAECD7D5375A}.Debug|x86.ActiveCfg = Debug|x86
		{D3604D2D-0661-4AC5-A883-DAECD7D5375A}.Debug|x86.Build.0 = Debug|x86
		{D3604D2D-0661-4AC5-A883-DAECD7D5375A}.Release|x86.ActiveCfg = Release|x86
		{D3604D2D-0661-4AC5-A883-DAECD7D5375A}.Release|x86.Build.0 = Release|x86
		{BD18D6CA-E3B6-4C31-B85F-4568902BBA2D}.Debug|x86.ActiveCfg = Debug|x86
		{BD18D6CA-E3B6-4C31-B85F-4568902BBA2D}.Debug|x86.Build.0 = Debug|x86
		{BD18D6CA-E3B6-4C31-B85F-4568902BBA2D}.Release|x86.ActiveCfg = Release|x86
		{BD18D6CA-E3B6-4C31-B85F-4568902BBA2D}.Release|x86.Build.0 = Release|x86
		{F2C83260-AB60-4EAD-9364-C34393D36C23}.Debug|x86.ActiveCfg = Debug|x86
		{F2C83260-AB60-4EAD-9364-C34393D36C23}.Debug|x86.Build.0 = Debug|x86
		{F2C83260-AB60-4EAD-9364-C34393D36C23}.Release|x86.ActiveCfg = Release|x86
		{F2C83260-AB60-4EAD-9364-C34393D36C23}.Release|x86.Build.0 = Release|x86
		{532B28A5-7E88-4B90-8025-F30B45B59608}.Debug|x86.ActiveCfg = Debug|x86
		{532B28A5-7E88-4B90-8025-F30B45B59608}.Debug|x86.Build.0 = Debug|x86
		{532B28A5-7E88-4B90-8025-F30B45B59608}.Release|x86.ActiveCfg = Release|x86
		{532B28A5-7E88-4B90-8025-F30B45B59608}.Release|x86.Build.0 = Release|x86
		{9E728548-5224-46CC-981C-62B347C7F5BA}.Debug|x86.ActiveCfg = Debug|x86
		{9E728548-5224-46CC-981C-62B347C7F5BA}.Debug|x86.Build.0 = Debug|x86
		{9E728548-5224-46CC-981C-62B347C7F5BA}.Release|x86.ActiveCfg = Release|x86
		{9E728548-5224-46CC-981C-62B347C7F5BA}.Release|x86.Build.0 = Release|x86
		{0D54CBAD-EF7A-4F05-AEEC-3E850B08AF77}.Debug|x86.ActiveCfg = Debug|x86
		{0D54CBAD-EF7A-4F05-AEEC-3E850B08AF77}.Debug|x86.Build.0 = Debug|x86
		{0D54CBAD-EF7A-4F05-AEEC-3E850B08AF77}.Release|x86.ActiveCfg = Release|x86
		{0D54CBAD-EF7A-4F05-AEEC-3E850B08AF77}.Release|x86.Build.0 = Release|x86
		{61953FE0-06C7-434E-9721-A455F19DDD07}.Debug|x86.ActiveCfg = Debug|x86
		{61953FE0-06C7-434E-9721-A455F19DDD07}.Debug|x86.Build.0 = Debug|x86
		{61953FE0-06C7-434E-9721-A455F19DDD07}.Release|x86.ActiveCfg = Release|x86
		{61953FE0-06C7-434E-9721-A455F19DDD07}.Release|x86.Build.0 = Release|x86
		{4CD49F81-54D7-4DA3-9DFB-C88B7E0D516D}.Debug|x86.ActiveCfg = Debug|x86
		{4CD49F81-54D7-4DA3-9DFB-C88B7E0D516D}.Debug|x86.Build.0 = Debug|x86
		{4CD49F81-54D7-4DA3-9DFB-C88B7E0D516D}.Release|x86.ActiveCfg = Release|x86
		{4CD49F81-54D7-4DA3-9DFB-C88B7E0D516D}.Release|x86.Build.0 = Release|x86
		{8C56D335-B9A7-469E-AE90-943F33C04E85}.Debug|x86.ActiveCfg = Debug|x86
		{8C56D335-B9A7-469E-AE90-943F33C04E85}.Debug|x86.Build.0 = Debug|x86
		{8C56D335-B9A7-469E-AE90-943F33C04E85}.Release|x86.ActiveCfg = Release|x86
		{8C56D335-B9A7-469E-AE90-943F33C04E85}.Release|x86.Build.0 = Release|x86
	EndGlobalSection
	GlobalSection(SolutionProperties) = preSolution
		HideSolutionNode = FALSE
	EndGlobalSection
EndGlobal
